
Microsoft Visual Studio Solution File, Format Version 12.00
# Visual Studio Version 16
VisualStudioVersion = 16.0.30114.105
MinimumVisualStudioVersion = 10.0.40219.1
Project("{2150E333-8FDC-42A3-9474-1A3956D46DE8}") = "src", "src", "{7201ABCE-8E81-42F4-A1F4-72B369F3DFDB}"
EndProject
Project("{FAE04EC0-301F-11D3-BF4B-00C04F79EFBC}") = "CommandAPI", "src\CommandAPI\CommandAPI.csproj", "{209CA260-7693-4C90-8AE9-9571350C3F7E}"
EndProject
Project("{2150E333-8FDC-42A3-9474-1A3956D46DE8}") = "test", "test", "{822ECB2B-762F-4C39-B0ED-1F36CE3DDC88}"
EndProject
Project("{FAE04EC0-301F-11D3-BF4B-00C04F79EFBC}") = "CommandAPI.Tests", "test\CommandAPI.Tests\CommandAPI.Tests.csproj", "{0BBAD096-6CF5-4C83-B0C2-DAE21EAFAAB1}"
EndProject
Global
	GlobalSection(SolutionConfigurationPlatforms) = preSolution
		Debug|Any CPU = Debug|Any CPU
		Debug|x64 = Debug|x64
		Debug|x86 = Debug|x86
		Release|Any CPU = Release|Any CPU
		Release|x64 = Release|x64
		Release|x86 = Release|x86
	EndGlobalSection
	GlobalSection(SolutionProperties) = preSolution
		HideSolutionNode = FALSE
	EndGlobalSection
	GlobalSection(ProjectConfigurationPlatforms) = postSolution
		{209CA260-7693-4C90-8AE9-9571350C3F7E}.Debug|Any CPU.ActiveCfg = Debug|Any CPU
		{209CA260-7693-4C90-8AE9-9571350C3F7E}.Debug|Any CPU.Build.0 = Debug|Any CPU
		{209CA260-7693-4C90-8AE9-9571350C3F7E}.Debug|x64.ActiveCfg = Debug|Any CPU
		{209CA260-7693-4C90-8AE9-9571350C3F7E}.Debug|x64.Build.0 = Debug|Any CPU
		{209CA260-7693-4C90-8AE9-9571350C3F7E}.Debug|x86.ActiveCfg = Debug|Any CPU
		{209CA260-7693-4C90-8AE9-9571350C3F7E}.Debug|x86.Build.0 = Debug|Any CPU
		{209CA260-7693-4C90-8AE9-9571350C3F7E}.Release|Any CPU.ActiveCfg = Release|Any CPU
		{209CA260-7693-4C90-8AE9-9571350C3F7E}.Release|Any CPU.Build.0 = Release|Any CPU
		{209CA260-7693-4C90-8AE9-9571350C3F7E}.Release|x64.ActiveCfg = Release|Any CPU
		{209CA260-7693-4C90-8AE9-9571350C3F7E}.Release|x64.Build.0 = Release|Any CPU
		{209CA260-7693-4C90-8AE9-9571350C3F7E}.Release|x86.ActiveCfg = Release|Any CPU
		{209CA260-7693-4C90-8AE9-9571350C3F7E}.Release|x86.Build.0 = Release|Any CPU
		{0BBAD096-6CF5-4C83-B0C2-DAE21EAFAAB1}.Debug|Any CPU.ActiveCfg = Debug|Any CPU
		{0BBAD096-6CF5-4C83-B0C2-DAE21EAFAAB1}.Debug|Any CPU.Build.0 = Debug|Any CPU
		{0BBAD096-6CF5-4C83-B0C2-DAE21EAFAAB1}.Debug|x64.ActiveCfg = Debug|Any CPU
		{0BBAD096-6CF5-4C83-B0C2-DAE21EAFAAB1}.Debug|x64.Build.0 = Debug|Any CPU
		{0BBAD096-6CF5-4C83-B0C2-DAE21EAFAAB1}.Debug|x86.ActiveCfg = Debug|Any CPU
		{0BBAD096-6CF5-4C83-B0C2-DAE21EAFAAB1}.Debug|x86.Build.0 = Debug|Any CPU
		{0BBAD096-6CF5-4C83-B0C2-DAE21EAFAAB1}.Release|Any CPU.ActiveCfg = Release|Any CPU
		{0BBAD096-6CF5-4C83-B0C2-DAE21EAFAAB1}.Release|Any CPU.Build.0 = Release|Any CPU
		{0BBAD096-6CF5-4C83-B0C2-DAE21EAFAAB1}.Release|x64.ActiveCfg = Release|Any CPU
		{0BBAD096-6CF5-4C83-B0C2-DAE21EAFAAB1}.Release|x64.Build.0 = Release|Any CPU
		{0BBAD096-6CF5-4C83-B0C2-DAE21EAFAAB1}.Release|x86.ActiveCfg = Release|Any CPU
		{0BBAD096-6CF5-4C83-B0C2-DAE21EAFAAB1}.Release|x86.Build.0 = Release|Any CPU
	EndGlobalSection
	GlobalSection(NestedProjects) = preSolution
		{209CA260-7693-4C90-8AE9-9571350C3F7E} = {7201ABCE-8E81-42F4-A1F4-72B369F3DFDB}
		{0BBAD096-6CF5-4C83-B0C2-DAE21EAFAAB1} = {822ECB2B-762F-4C39-B0ED-1F36CE3DDC88}
	EndGlobalSection
EndGlobal
